
Microsoft Visual Studio Solution File, Format Version 12.00
# Visual Studio Version 17
VisualStudioVersion = 17.5.002.0
MinimumVisualStudioVersion = 10.0.40219.1
Project("{9A19103F-16F7-4668-BE54-9A1E7A4F7556}") = "Servidor", "Servidor.csproj", "{D0CDA9FA-59D3-459F-BA8C-212BB34A83D9}"
EndProject
Global
	GlobalSection(SolutionConfigurationPlatforms) = preSolution
		Debug|Any CPU = Debug|Any CPU
		Release|Any CPU = Release|Any CPU
	EndGlobalSection
	GlobalSection(ProjectConfigurationPlatforms) = postSolution
		{D0CDA9FA-59D3-459F-BA8C-212BB34A83D9}.Debug|Any CPU.ActiveCfg = Debug|Any CPU
		{D0CDA9FA-59D3-459F-BA8C-212BB34A83D9}.Debug|Any CPU.Build.0 = Debug|Any CPU
		{D0CDA9FA-59D3-459F-BA8C-212BB34A83D9}.Release|Any CPU.ActiveCfg = Release|Any CPU
		{D0CDA9FA-59D3-459F-BA8C-212BB34A83D9}.Release|Any CPU.Build.0 = Release|Any CPU
	EndGlobalSection
	GlobalSection(SolutionProperties) = preSolution
		HideSolutionNode = FALSE
	EndGlobalSection
	GlobalSection(ExtensibilityGlobals) = postSolution
		SolutionGuid = {F71A66AD-0A80-4A19-A249-32E95D83FC01}
	EndGlobalSection
EndGlobal
